
Microsoft Visual Studio Solution File, Format Version 12.00
# Visual Studio 14
VisualStudioVersion = 14.0.24720.0
MinimumVisualStudioVersion = 10.0.40219.1
Project("{FAE04EC0-301F-11D3-BF4B-00C04F79EFBC}") = "AresApi", "AresAPI\AresApi.csproj", "{A34DD39C-A84A-438C-AD21-AD01B7525679}"
EndProject
Project("{FAE04EC0-301F-11D3-BF4B-00C04F79EFBC}") = "AresApi.Tests", "AresAPI.Tests\AresApi.Tests.csproj", "{49A041B9-6CB6-4124-A263-13DDCF392CE5}"
EndProject
Global
	GlobalSection(SolutionConfigurationPlatforms) = preSolution
		Debug|Any CPU = Debug|Any CPU
		Release|Any CPU = Release|Any CPU
	EndGlobalSection
	GlobalSection(ProjectConfigurationPlatforms) = postSolution
		{A34DD39C-A84A-438C-AD21-AD01B7525679}.Debug|Any CPU.ActiveCfg = Debug|Any CPU
		{A34DD39C-A84A-438C-AD21-AD01B7525679}.Debug|Any CPU.Build.0 = Debug|Any CPU
		{A34DD39C-A84A-438C-AD21-AD01B7525679}.Release|Any CPU.ActiveCfg = Release|Any CPU
		{A34DD39C-A84A-438C-AD21-AD01B7525679}.Release|Any CPU.Build.0 = Release|Any CPU
		{49A041B9-6CB6-4124-A263-13DDCF392CE5}.Debug|Any CPU.ActiveCfg = Debug|Any CPU
		{49A041B9-6CB6-4124-A263-13DDCF392CE5}.Debug|Any CPU.Build.0 = Debug|Any CPU
		{49A041B9-6CB6-4124-A263-13DDCF392CE5}.Release|Any CPU.ActiveCfg = Release|Any CPU
		{49A041B9-6CB6-4124-A263-13DDCF392CE5}.Release|Any CPU.Build.0 = Release|Any CPU
	EndGlobalSection
	GlobalSection(SolutionProperties) = preSolution
		HideSolutionNode = FALSE
	EndGlobalSection
EndGlobal
